{
  "name": "uselesscomplete",
  "version": "0.0.1",
  "lockfileVersion": 2,
  "requires": true,
  "packages": {
    "": {
      "name": "uselesscomplete",
      "version": "0.0.1",
      "license": "MIT",
      "dependencies": {
        "@biscuitland/core": "^1.2.0",
        "dotenv": "^16.0.1",
        "ws": "^8.8.1"
      }
    },
    "node_modules/@biscuitland/api-types": {
      "version": "1.2.0",
      "resolved": "https://registry.npmjs.org/@biscuitland/api-types/-/api-types-1.2.0.tgz",
      "integrity": "sha512-jjUr9pjWLvrCb99nmApc25H32bNaZ+Jlm6iJ1DSqYS0LVC33y6xYJ2yQxl3VAF1bcY8NCGiOit5vWUNblyTTOA=="
    },
    "node_modules/@biscuitland/core": {
      "version": "1.2.0",
      "resolved": "https://registry.npmjs.org/@biscuitland/core/-/core-1.2.0.tgz",
      "integrity": "sha512-BAnUFMvtvkBr/jKNoV21iR5RpPasRgaCSy42HiTC0HACfzXBNakpDvKxsvWBBb0j6ARvNqI8FEgw5vLrBY2kcg==",
      "dependencies": {
        "@biscuitland/api-types": "^1.2.0",
        "@biscuitland/rest": "^1.2.0",
        "@biscuitland/ws": "^1.2.0"
      }
    },
    "node_modules/@biscuitland/rest": {
      "version": "1.2.0",
      "resolved": "https://registry.npmjs.org/@biscuitland/rest/-/rest-1.2.0.tgz",
      "integrity": "sha512-dYQXKDeHv/isl/IDVpxSoCB5IwNSMYR39p9Il+FCKGJi6Y6vyEd94oSLrSWoNW1RJbjK9Q8gk35wHZrZFnaWEg==",
      "dependencies": {
        "@biscuitland/api-types": "^1.2.0"
      }
    },
    "node_modules/@biscuitland/ws": {
      "version": "1.2.0",
      "resolved": "https://registry.npmjs.org/@biscuitland/ws/-/ws-1.2.0.tgz",
      "integrity": "sha512-Ed/VNQXzyq6gF6HmrCGk7lzmgcwDstuO6vQ9x9ZuOuUOToc5bNyACMYUKbjwnFG2p05tD/Vzgs62Bk4LBAf7GQ==",
      "dependencies": {
        "@biscuitland/api-types": "^1.2.0",
        "ws": "^8.8.1"
      }
    },
    "node_modules/dotenv": {
      "version": "16.0.1",
      "resolved": "https://registry.npmjs.org/dotenv/-/dotenv-16.0.1.tgz",
      "integrity": "sha512-1K6hR6wtk2FviQ4kEiSjFiH5rpzEVi8WW0x96aztHVMhEspNpc4DVOUTEHtEva5VThQ8IaBX1Pe4gSzpVVUsKQ==",
      "engines": {
        "node": ">=12"
      }
    },
    "node_modules/ws": {
      "version": "8.8.1",
      "resolved": "https://registry.npmjs.org/ws/-/ws-8.8.1.tgz",
      "integrity": "sha512-bGy2JzvzkPowEJV++hF07hAD6niYSr0JzBNo/J29WsB57A2r7Wlc1UFcTR9IzrPvuNVO4B8LGqF8qcpsVOhJCA==",
      "engines": {
        "node": ">=10.0.0"
      },
      "peerDependencies": {
        "bufferutil": "^4.0.1",
        "utf-8-validate": "^5.0.2"
      },
      "peerDependenciesMeta": {
        "bufferutil": {
          "optional": true
        },
        "utf-8-validate": {
          "optional": true
        }
      }
    }
  },
  "dependencies": {
    "@biscuitland/api-types": {
      "version": "1.2.0",
      "resolved": "https://registry.npmjs.org/@biscuitland/api-types/-/api-types-1.2.0.tgz",
      "integrity": "sha512-jjUr9pjWLvrCb99nmApc25H32bNaZ+Jlm6iJ1DSqYS0LVC33y6xYJ2yQxl3VAF1bcY8NCGiOit5vWUNblyTTOA=="
    },
    "@biscuitland/core": {
      "version": "1.2.0",
      "resolved": "https://registry.npmjs.org/@biscuitland/core/-/core-1.2.0.tgz",
      "integrity": "sha512-BAnUFMvtvkBr/jKNoV21iR5RpPasRgaCSy42HiTC0HACfzXBNakpDvKxsvWBBb0j6ARvNqI8FEgw5vLrBY2kcg==",
      "requires": {
        "@biscuitland/api-types": "^1.2.0",
        "@biscuitland/rest": "^1.2.0",
        "@biscuitland/ws": "^1.2.0"
      }
    },
    "@biscuitland/rest": {
      "version": "1.2.0",
      "resolved": "https://registry.npmjs.org/@biscuitland/rest/-/rest-1.2.0.tgz",
      "integrity": "sha512-dYQXKDeHv/isl/IDVpxSoCB5IwNSMYR39p9Il+FCKGJi6Y6vyEd94oSLrSWoNW1RJbjK9Q8gk35wHZrZFnaWEg==",
      "requires": {
        "@biscuitland/api-types": "^1.2.0"
      }
    },
    "@biscuitland/ws": {
      "version": "1.2.0",
      "resolved": "https://registry.npmjs.org/@biscuitland/ws/-/ws-1.2.0.tgz",
      "integrity": "sha512-Ed/VNQXzyq6gF6HmrCGk7lzmgcwDstuO6vQ9x9ZuOuUOToc5bNyACMYUKbjwnFG2p05tD/Vzgs62Bk4LBAf7GQ==",
      "requires": {
        "@biscuitland/api-types": "^1.2.0",
        "ws": "^8.8.1"
      }
    },
    "dotenv": {
      "version": "16.0.1",
      "resolved": "https://registry.npmjs.org/dotenv/-/dotenv-16.0.1.tgz",
      "integrity": "sha512-1K6hR6wtk2FviQ4kEiSjFiH5rpzEVi8WW0x96aztHVMhEspNpc4DVOUTEHtEva5VThQ8IaBX1Pe4gSzpVVUsKQ=="
    },
    "ws": {
      "version": "8.8.1",
      "resolved": "https://registry.npmjs.org/ws/-/ws-8.8.1.tgz",
      "integrity": "sha512-bGy2JzvzkPowEJV++hF07hAD6niYSr0JzBNo/J29WsB57A2r7Wlc1UFcTR9IzrPvuNVO4B8LGqF8qcpsVOhJCA==",
      "requires": {}
    }
  }
}
