{
	"name": "UselessComplete_v2",
	"version": "2.0.0",
	"lockfileVersion": 2,
	"requires": true,
	"packages": {
		"": {
			"version": "2.0.0",
			"dependencies": {
				"@biscuitland/core": "^2.0.4",
				"dotenv": "^16.0.2"
			}
		},
		"node_modules/@biscuitland/api-types": {
			"version": "2.0.4",
			"resolved": "https://registry.npmjs.org/@biscuitland/api-types/-/api-types-2.0.4.tgz",
			"integrity": "sha512-yVd3UfJSr22zsgFe6/mxGXGWqKCl6VmCGGoByP/+wFZ0WzN5ps/pGl5HbEtcMA5iqFNQQnktK2roKgpRlW3lUA=="
		},
		"node_modules/@biscuitland/core": {
			"version": "2.0.4",
			"resolved": "https://registry.npmjs.org/@biscuitland/core/-/core-2.0.4.tgz",
			"integrity": "sha512-2YIQ3D37IUJuTg8jxloK91m1bcEORaZnCKb5KzLletUeb9HqSr+mOjShaXGAwgbUPkf8Z5xMeaAbue8KViwH4A==",
			"dependencies": {
				"@biscuitland/api-types": "^2.0.4",
				"@biscuitland/rest": "^2.0.4",
				"@biscuitland/ws": "^2.0.4"
			}
		},
		"node_modules/@biscuitland/rest": {
			"version": "2.0.4",
			"resolved": "https://registry.npmjs.org/@biscuitland/rest/-/rest-2.0.4.tgz",
			"integrity": "sha512-NNvWWqTDfQ67sayD109s8BcRKphgnKM/f23Rp2evar2gUQEc6RTMZyDpm9ii8NVIEeqygK7kir/MGAD8/cJUbw==",
			"dependencies": {
				"@biscuitland/api-types": "^2.0.4"
			}
		},
		"node_modules/@biscuitland/ws": {
			"version": "2.0.4",
			"resolved": "https://registry.npmjs.org/@biscuitland/ws/-/ws-2.0.4.tgz",
			"integrity": "sha512-4Dkz1wbC1GVVxgEVEHpvpn6FQ2bTMga8YL4rum9FgbZDWQhs7FNDBtLsZo/t+a0EfCsUIg9/LRdzp9B6lpEQNA==",
			"dependencies": {
				"@biscuitland/api-types": "^2.0.4",
				"ws": "^8.8.1"
			}
		},
		"node_modules/dotenv": {
			"version": "16.0.2",
			"resolved": "https://registry.npmjs.org/dotenv/-/dotenv-16.0.2.tgz",
			"integrity": "sha512-JvpYKUmzQhYoIFgK2MOnF3bciIZoItIIoryihy0rIA+H4Jy0FmgyKYAHCTN98P5ybGSJcIFbh6QKeJdtZd1qhA==",
			"engines": {
				"node": ">=12"
			}
		},
		"node_modules/ws": {
			"version": "8.8.1",
			"resolved": "https://registry.npmjs.org/ws/-/ws-8.8.1.tgz",
			"integrity": "sha512-bGy2JzvzkPowEJV++hF07hAD6niYSr0JzBNo/J29WsB57A2r7Wlc1UFcTR9IzrPvuNVO4B8LGqF8qcpsVOhJCA==",
			"engines": {
				"node": ">=10.0.0"
			},
			"peerDependencies": {
				"bufferutil": "^4.0.1",
				"utf-8-validate": "^5.0.2"
			},
			"peerDependenciesMeta": {
				"bufferutil": {
					"optional": true
				},
				"utf-8-validate": {
					"optional": true
				}
			}
		}
	},
	"dependencies": {
		"@biscuitland/api-types": {
			"version": "2.0.4",
			"resolved": "https://registry.npmjs.org/@biscuitland/api-types/-/api-types-2.0.4.tgz",
			"integrity": "sha512-yVd3UfJSr22zsgFe6/mxGXGWqKCl6VmCGGoByP/+wFZ0WzN5ps/pGl5HbEtcMA5iqFNQQnktK2roKgpRlW3lUA=="
		},
		"@biscuitland/core": {
			"version": "2.0.4",
			"resolved": "https://registry.npmjs.org/@biscuitland/core/-/core-2.0.4.tgz",
			"integrity": "sha512-2YIQ3D37IUJuTg8jxloK91m1bcEORaZnCKb5KzLletUeb9HqSr+mOjShaXGAwgbUPkf8Z5xMeaAbue8KViwH4A==",
			"requires": {
				"@biscuitland/api-types": "^2.0.4",
				"@biscuitland/rest": "^2.0.4",
				"@biscuitland/ws": "^2.0.4"
			}
		},
		"@biscuitland/rest": {
			"version": "2.0.4",
			"resolved": "https://registry.npmjs.org/@biscuitland/rest/-/rest-2.0.4.tgz",
			"integrity": "sha512-NNvWWqTDfQ67sayD109s8BcRKphgnKM/f23Rp2evar2gUQEc6RTMZyDpm9ii8NVIEeqygK7kir/MGAD8/cJUbw==",
			"requires": {
				"@biscuitland/api-types": "^2.0.4"
			}
		},
		"@biscuitland/ws": {
			"version": "2.0.4",
			"resolved": "https://registry.npmjs.org/@biscuitland/ws/-/ws-2.0.4.tgz",
			"integrity": "sha512-4Dkz1wbC1GVVxgEVEHpvpn6FQ2bTMga8YL4rum9FgbZDWQhs7FNDBtLsZo/t+a0EfCsUIg9/LRdzp9B6lpEQNA==",
			"requires": {
				"@biscuitland/api-types": "^2.0.4",
				"ws": "^8.8.1"
			}
		},
		"dotenv": {
			"version": "16.0.2",
			"resolved": "https://registry.npmjs.org/dotenv/-/dotenv-16.0.2.tgz",
			"integrity": "sha512-JvpYKUmzQhYoIFgK2MOnF3bciIZoItIIoryihy0rIA+H4Jy0FmgyKYAHCTN98P5ybGSJcIFbh6QKeJdtZd1qhA=="
		},
		"ws": {
			"version": "8.8.1",
			"resolved": "https://registry.npmjs.org/ws/-/ws-8.8.1.tgz",
			"integrity": "sha512-bGy2JzvzkPowEJV++hF07hAD6niYSr0JzBNo/J29WsB57A2r7Wlc1UFcTR9IzrPvuNVO4B8LGqF8qcpsVOhJCA==",
			"requires": {}
		}
	}
}
